
Microsoft Visual Studio Solution File, Format Version 12.00
# Visual Studio 15
VisualStudioVersion = 15.0.28307.1062
MinimumVisualStudioVersion = 10.0.40219.1
Project("{FAE04EC0-301F-11D3-BF4B-00C04F79EFBC}") = "Drop_tut", "Drop_tut\Drop_tut.csproj", "{01994097-2F51-4F34-BEE9-531C59B6FD78}"
EndProject
Global
	GlobalSection(SolutionConfigurationPlatforms) = preSolution
		Debug|Any CPU = Debug|Any CPU
		Release|Any CPU = Release|Any CPU
	EndGlobalSection
	GlobalSection(ProjectConfigurationPlatforms) = postSolution
		{01994097-2F51-4F34-BEE9-531C59B6FD78}.Debug|Any CPU.ActiveCfg = Debug|Any CPU
		{01994097-2F51-4F34-BEE9-531C59B6FD78}.Debug|Any CPU.Build.0 = Debug|Any CPU
		{01994097-2F51-4F34-BEE9-531C59B6FD78}.Release|Any CPU.ActiveCfg = Release|Any CPU
		{01994097-2F51-4F34-BEE9-531C59B6FD78}.Release|Any CPU.Build.0 = Release|Any CPU
	EndGlobalSection
	GlobalSection(SolutionProperties) = preSolution
		HideSolutionNode = FALSE
	EndGlobalSection
	GlobalSection(ExtensibilityGlobals) = postSolution
		SolutionGuid = {D80E1CE3-F2E0-4588-A15D-36F20BCA8596}
	EndGlobalSection
EndGlobal
